
Microsoft Visual Studio Solution File, Format Version 12.00
# Visual Studio Version 16
VisualStudioVersion = 16.0.31515.178
MinimumVisualStudioVersion = 10.0.40219.1
Project("{FAE04EC0-301F-11D3-BF4B-00C04F79EFBC}") = "TicketStar", "TicketStar.csproj", "{AC41C4C0-B5A7-4438-B3CE-A6930D10C64B}"
EndProject
Global
	GlobalSection(SolutionConfigurationPlatforms) = preSolution
		Debug|Any CPU = Debug|Any CPU
		Release|Any CPU = Release|Any CPU
	EndGlobalSection
	GlobalSection(ProjectConfigurationPlatforms) = postSolution
		{AC41C4C0-B5A7-4438-B3CE-A6930D10C64B}.Debug|Any CPU.ActiveCfg = Debug|Any CPU
		{AC41C4C0-B5A7-4438-B3CE-A6930D10C64B}.Debug|Any CPU.Build.0 = Debug|Any CPU
		{AC41C4C0-B5A7-4438-B3CE-A6930D10C64B}.Release|Any CPU.ActiveCfg = Release|Any CPU
		{AC41C4C0-B5A7-4438-B3CE-A6930D10C64B}.Release|Any CPU.Build.0 = Release|Any CPU
	EndGlobalSection
	GlobalSection(SolutionProperties) = preSolution
		HideSolutionNode = FALSE
	EndGlobalSection
	GlobalSection(ExtensibilityGlobals) = postSolution
		SolutionGuid = {D2809592-6FEB-4F25-A67B-A047B13B4C9A}
	EndGlobalSection
EndGlobal
